
Microsoft Visual Studio Solution File, Format Version 12.00
# Visual Studio 2013
VisualStudioVersion = 12.0.30501.0
MinimumVisualStudioVersion = 10.0.40219.1
Project("{FAE04EC0-301F-11D3-BF4B-00C04F79EFBC}") = "EventHorizonRider.Core", "EventHorizonRider.Core\EventHorizonRider.Core.csproj", "{905E7D7C-FC4E-4AAA-AE6C-E6FCE75CBFFD}"
	ProjectSection(ProjectDependencies) = postProject
		{C404A420-640A-43D7-9B98-54A912D4016A} = {C404A420-640A-43D7-9B98-54A912D4016A}
	EndProjectSection
EndProject
Project("{FAE04EC0-301F-11D3-BF4B-00C04F79EFBC}") = "EventHorizonRider.Windows", "EventHorizonRider.Windows\EventHorizonRider.Windows.csproj", "{7F5A505F-CC2F-452D-AB8B-82FB2432D690}"
EndProject
Project("{FAE04EC0-301F-11D3-BF4B-00C04F79EFBC}") = "EventHorizonRider.Content", "EventHorizonRider.Content\EventHorizonRider.Content.contentproj", "{975EE594-88A3-41CA-A3E5-F1CA05CA2B9F}"
EndProject
Project("{FAE04EC0-301F-11D3-BF4B-00C04F79EFBC}") = "EventHorizonRider.ContentXna", "EventHorizonRider.ContentXna\EventHorizonRider.ContentXna.csproj", "{C404A420-640A-43D7-9B98-54A912D4016A}"
EndProject
Project("{2150E333-8FDC-42A3-9474-1A3956D46DE8}") = "Documentation", "Documentation", "{3B61CC11-9B46-4EF2-AEC1-81325C21C244}"
	ProjectSection(SolutionItems) = preProject
		README.md = README.md
	EndProjectSection
EndProject
Global
	GlobalSection(SolutionConfigurationPlatforms) = preSolution
		Debug|Any CPU = Debug|Any CPU
		Release|Any CPU = Release|Any CPU
	EndGlobalSection
	GlobalSection(ProjectConfigurationPlatforms) = postSolution
		{905E7D7C-FC4E-4AAA-AE6C-E6FCE75CBFFD}.Debug|Any CPU.ActiveCfg = Debug|Any CPU
		{905E7D7C-FC4E-4AAA-AE6C-E6FCE75CBFFD}.Debug|Any CPU.Build.0 = Debug|Any CPU
		{905E7D7C-FC4E-4AAA-AE6C-E6FCE75CBFFD}.Release|Any CPU.ActiveCfg = Release|Any CPU
		{905E7D7C-FC4E-4AAA-AE6C-E6FCE75CBFFD}.Release|Any CPU.Build.0 = Release|Any CPU
		{7F5A505F-CC2F-452D-AB8B-82FB2432D690}.Debug|Any CPU.ActiveCfg = Debug|Any CPU
		{7F5A505F-CC2F-452D-AB8B-82FB2432D690}.Debug|Any CPU.Build.0 = Debug|Any CPU
		{7F5A505F-CC2F-452D-AB8B-82FB2432D690}.Release|Any CPU.ActiveCfg = Release|Any CPU
		{7F5A505F-CC2F-452D-AB8B-82FB2432D690}.Release|Any CPU.Build.0 = Release|Any CPU
		{975EE594-88A3-41CA-A3E5-F1CA05CA2B9F}.Debug|Any CPU.ActiveCfg = Debug|Any CPU
		{975EE594-88A3-41CA-A3E5-F1CA05CA2B9F}.Release|Any CPU.ActiveCfg = Debug|Any CPU
		{C404A420-640A-43D7-9B98-54A912D4016A}.Debug|Any CPU.ActiveCfg = Debug|x86
		{C404A420-640A-43D7-9B98-54A912D4016A}.Debug|Any CPU.Build.0 = Debug|x86
		{C404A420-640A-43D7-9B98-54A912D4016A}.Release|Any CPU.ActiveCfg = Release|x86
		{C404A420-640A-43D7-9B98-54A912D4016A}.Release|Any CPU.Build.0 = Release|x86
	EndGlobalSection
	GlobalSection(SolutionProperties) = preSolution
		HideSolutionNode = FALSE
	EndGlobalSection
EndGlobal
