
Microsoft Visual Studio Solution File, Format Version 12.00
# Visual Studio 14
VisualStudioVersion = 14.0.24720.0
MinimumVisualStudioVersion = 10.0.40219.1
Project("{FAE04EC0-301F-11D3-BF4B-00C04F79EFBC}") = "EventHorizonRider.WindowsPhone", "EventHorizonRider.WindowsPhone\EventHorizonRider.WindowsPhone.csproj", "{0585C019-6A7F-49DB-A6EC-C2BA902C1545}"
EndProject
Project("{D954291E-2A0B-460D-934E-DC6B0785DB48}") = "EventHorizonRider.Shared", "EventHorizonRider.Shared\EventHorizonRider.Shared.shproj", "{71A82F9B-4BDF-4587-A224-E414A1622AD0}"
EndProject
Global
	GlobalSection(SharedMSBuildProjectFiles) = preSolution
		EventHorizonRider.Shared\EventHorizonRider.Shared.projitems*{0585c019-6a7f-49db-a6ec-c2ba902c1545}*SharedItemsImports = 4
		EventHorizonRider.Shared\EventHorizonRider.Shared.projitems*{71a82f9b-4bdf-4587-a224-e414a1622ad0}*SharedItemsImports = 13
	EndGlobalSection
	GlobalSection(SolutionConfigurationPlatforms) = preSolution
		Debug|ARM = Debug|ARM
		Debug|x86 = Debug|x86
		Release|ARM = Release|ARM
		Release|x86 = Release|x86
	EndGlobalSection
	GlobalSection(ProjectConfigurationPlatforms) = postSolution
		{0585C019-6A7F-49DB-A6EC-C2BA902C1545}.Debug|ARM.ActiveCfg = Debug|ARM
		{0585C019-6A7F-49DB-A6EC-C2BA902C1545}.Debug|ARM.Build.0 = Debug|ARM
		{0585C019-6A7F-49DB-A6EC-C2BA902C1545}.Debug|ARM.Deploy.0 = Debug|ARM
		{0585C019-6A7F-49DB-A6EC-C2BA902C1545}.Debug|x86.ActiveCfg = Debug|x86
		{0585C019-6A7F-49DB-A6EC-C2BA902C1545}.Debug|x86.Build.0 = Debug|x86
		{0585C019-6A7F-49DB-A6EC-C2BA902C1545}.Debug|x86.Deploy.0 = Debug|x86
		{0585C019-6A7F-49DB-A6EC-C2BA902C1545}.Release|ARM.ActiveCfg = Release|ARM
		{0585C019-6A7F-49DB-A6EC-C2BA902C1545}.Release|ARM.Build.0 = Release|ARM
		{0585C019-6A7F-49DB-A6EC-C2BA902C1545}.Release|ARM.Deploy.0 = Release|ARM
		{0585C019-6A7F-49DB-A6EC-C2BA902C1545}.Release|x86.ActiveCfg = Release|x86
		{0585C019-6A7F-49DB-A6EC-C2BA902C1545}.Release|x86.Build.0 = Release|x86
		{0585C019-6A7F-49DB-A6EC-C2BA902C1545}.Release|x86.Deploy.0 = Release|x86
	EndGlobalSection
	GlobalSection(SolutionProperties) = preSolution
		HideSolutionNode = FALSE
	EndGlobalSection
EndGlobal
