
Microsoft Visual Studio Solution File, Format Version 12.00
# Visual Studio 14
VisualStudioVersion = 14.0.24720.0
MinimumVisualStudioVersion = 10.0.40219.1
Project("{FAE04EC0-301F-11D3-BF4B-00C04F79EFBC}") = "EventHorizonRider.WindowsStore", "EventHorizonRider.WindowsStore\EventHorizonRider.WindowsStore.csproj", "{116ADAF7-1BAE-470B-92F3-23FAD1F558AB}"
EndProject
Project("{2150E333-8FDC-42A3-9474-1A3956D46DE8}") = "Documentation", "Documentation", "{66D58D93-496E-4C53-89D3-8165D7C6645F}"
	ProjectSection(SolutionItems) = preProject
		README.md = README.md
	EndProjectSection
EndProject
Project("{D954291E-2A0B-460D-934E-DC6B0785DB48}") = "EventHorizonRider.Shared", "EventHorizonRider.Shared\EventHorizonRider.Shared.shproj", "{71A82F9B-4BDF-4587-A224-E414A1622AD0}"
EndProject
Global
	GlobalSection(SharedMSBuildProjectFiles) = preSolution
		EventHorizonRider.Shared\EventHorizonRider.Shared.projitems*{71a82f9b-4bdf-4587-a224-e414a1622ad0}*SharedItemsImports = 13
	EndGlobalSection
	GlobalSection(SolutionConfigurationPlatforms) = preSolution
		Debug|Any CPU = Debug|Any CPU
		Debug|ARM = Debug|ARM
		Debug|x64 = Debug|x64
		Debug|x86 = Debug|x86
		Release|Any CPU = Release|Any CPU
		Release|ARM = Release|ARM
		Release|x64 = Release|x64
		Release|x86 = Release|x86
	EndGlobalSection
	GlobalSection(ProjectConfigurationPlatforms) = postSolution
		{116ADAF7-1BAE-470B-92F3-23FAD1F558AB}.Debug|Any CPU.ActiveCfg = Debug|Any CPU
		{116ADAF7-1BAE-470B-92F3-23FAD1F558AB}.Debug|Any CPU.Build.0 = Debug|Any CPU
		{116ADAF7-1BAE-470B-92F3-23FAD1F558AB}.Debug|Any CPU.Deploy.0 = Debug|Any CPU
		{116ADAF7-1BAE-470B-92F3-23FAD1F558AB}.Debug|ARM.ActiveCfg = Debug|ARM
		{116ADAF7-1BAE-470B-92F3-23FAD1F558AB}.Debug|ARM.Build.0 = Debug|ARM
		{116ADAF7-1BAE-470B-92F3-23FAD1F558AB}.Debug|ARM.Deploy.0 = Debug|ARM
		{116ADAF7-1BAE-470B-92F3-23FAD1F558AB}.Debug|x64.ActiveCfg = Debug|x64
		{116ADAF7-1BAE-470B-92F3-23FAD1F558AB}.Debug|x64.Build.0 = Debug|x64
		{116ADAF7-1BAE-470B-92F3-23FAD1F558AB}.Debug|x64.Deploy.0 = Debug|x64
		{116ADAF7-1BAE-470B-92F3-23FAD1F558AB}.Debug|x86.ActiveCfg = Debug|x86
		{116ADAF7-1BAE-470B-92F3-23FAD1F558AB}.Debug|x86.Build.0 = Debug|x86
		{116ADAF7-1BAE-470B-92F3-23FAD1F558AB}.Debug|x86.Deploy.0 = Debug|x86
		{116ADAF7-1BAE-470B-92F3-23FAD1F558AB}.Release|Any CPU.ActiveCfg = Release|Any CPU
		{116ADAF7-1BAE-470B-92F3-23FAD1F558AB}.Release|Any CPU.Build.0 = Release|Any CPU
		{116ADAF7-1BAE-470B-92F3-23FAD1F558AB}.Release|Any CPU.Deploy.0 = Release|Any CPU
		{116ADAF7-1BAE-470B-92F3-23FAD1F558AB}.Release|ARM.ActiveCfg = Release|ARM
		{116ADAF7-1BAE-470B-92F3-23FAD1F558AB}.Release|ARM.Build.0 = Release|ARM
		{116ADAF7-1BAE-470B-92F3-23FAD1F558AB}.Release|ARM.Deploy.0 = Release|ARM
		{116ADAF7-1BAE-470B-92F3-23FAD1F558AB}.Release|x64.ActiveCfg = Release|x64
		{116ADAF7-1BAE-470B-92F3-23FAD1F558AB}.Release|x64.Build.0 = Release|x64
		{116ADAF7-1BAE-470B-92F3-23FAD1F558AB}.Release|x64.Deploy.0 = Release|x64
		{116ADAF7-1BAE-470B-92F3-23FAD1F558AB}.Release|x86.ActiveCfg = Release|x86
		{116ADAF7-1BAE-470B-92F3-23FAD1F558AB}.Release|x86.Build.0 = Release|x86
		{116ADAF7-1BAE-470B-92F3-23FAD1F558AB}.Release|x86.Deploy.0 = Release|x86
	EndGlobalSection
	GlobalSection(SolutionProperties) = preSolution
		HideSolutionNode = FALSE
	EndGlobalSection
EndGlobal
