
Microsoft Visual Studio Solution File, Format Version 11.00
# Visual Studio 2010
Project("{FAE04EC0-301F-11D3-BF4B-00C04F79EFBC}") = "EventHorizonRider.PSMobile", "EventHorizonRider.PSMobile\EventHorizonRider.PSMobile.csproj", "{FA765367-885F-4A03-A7D2-5F9A64FBADC4}"
EndProject
Global
	GlobalSection(SolutionConfigurationPlatforms) = preSolution
		Debug|Any CPU = Debug|Any CPU
		Release|Any CPU = Release|Any CPU
	EndGlobalSection
	GlobalSection(ProjectConfigurationPlatforms) = postSolution
		{FA765367-885F-4A03-A7D2-5F9A64FBADC4}.Debug|Any CPU.ActiveCfg = Debug|Any CPU
		{FA765367-885F-4A03-A7D2-5F9A64FBADC4}.Debug|Any CPU.Build.0 = Debug|Any CPU
		{FA765367-885F-4A03-A7D2-5F9A64FBADC4}.Release|Any CPU.ActiveCfg = Release|Any CPU
		{FA765367-885F-4A03-A7D2-5F9A64FBADC4}.Release|Any CPU.Build.0 = Release|Any CPU
	EndGlobalSection
	GlobalSection(MonoDevelopProperties) = preSolution
		StartupItem = EventHorizonRider.PSMobile\EventHorizonRider.PSMobile.csproj
	EndGlobalSection
EndGlobal
