
Microsoft Visual Studio Solution File, Format Version 12.00
# Visual Studio 14
VisualStudioVersion = 14.0.24720.0
MinimumVisualStudioVersion = 10.0.40219.1
Project("{FAE04EC0-301F-11D3-BF4B-00C04F79EFBC}") = "EventHorizonRider.iOS", "EventHorizonRider.iOS\EventHorizonRider.iOS.csproj", "{9C49EE6A-57E2-46B7-9029-3F95DF65C78E}"
EndProject
Project("{D954291E-2A0B-460D-934E-DC6B0785DB48}") = "EventHorizonRider.Shared", "EventHorizonRider.Shared\EventHorizonRider.Shared.shproj", "{71A82F9B-4BDF-4587-A224-E414A1622AD0}"
EndProject
Global
	GlobalSection(SharedMSBuildProjectFiles) = preSolution
		EventHorizonRider.Shared\EventHorizonRider.Shared.projitems*{71a82f9b-4bdf-4587-a224-e414a1622ad0}*SharedItemsImports = 13
	EndGlobalSection
	GlobalSection(SolutionConfigurationPlatforms) = preSolution
		Ad-Hoc|iPhone = Ad-Hoc|iPhone
		Ad-Hoc|iPhoneSimulator = Ad-Hoc|iPhoneSimulator
		AppStore|iPhone = AppStore|iPhone
		AppStore|iPhoneSimulator = AppStore|iPhoneSimulator
		Debug|iPhone = Debug|iPhone
		Debug|iPhoneSimulator = Debug|iPhoneSimulator
		Release|iPhone = Release|iPhone
		Release|iPhoneSimulator = Release|iPhoneSimulator
	EndGlobalSection
	GlobalSection(ProjectConfigurationPlatforms) = postSolution
		{9C49EE6A-57E2-46B7-9029-3F95DF65C78E}.Ad-Hoc|iPhone.ActiveCfg = Ad-Hoc|iPhone
		{9C49EE6A-57E2-46B7-9029-3F95DF65C78E}.Ad-Hoc|iPhone.Build.0 = Ad-Hoc|iPhone
		{9C49EE6A-57E2-46B7-9029-3F95DF65C78E}.Ad-Hoc|iPhone.Deploy.0 = Ad-Hoc|iPhone
		{9C49EE6A-57E2-46B7-9029-3F95DF65C78E}.Ad-Hoc|iPhoneSimulator.ActiveCfg = Ad-Hoc|iPhoneSimulator
		{9C49EE6A-57E2-46B7-9029-3F95DF65C78E}.Ad-Hoc|iPhoneSimulator.Build.0 = Ad-Hoc|iPhoneSimulator
		{9C49EE6A-57E2-46B7-9029-3F95DF65C78E}.Ad-Hoc|iPhoneSimulator.Deploy.0 = Ad-Hoc|iPhoneSimulator
		{9C49EE6A-57E2-46B7-9029-3F95DF65C78E}.AppStore|iPhone.ActiveCfg = AppStore|iPhone
		{9C49EE6A-57E2-46B7-9029-3F95DF65C78E}.AppStore|iPhone.Build.0 = AppStore|iPhone
		{9C49EE6A-57E2-46B7-9029-3F95DF65C78E}.AppStore|iPhone.Deploy.0 = AppStore|iPhone
		{9C49EE6A-57E2-46B7-9029-3F95DF65C78E}.AppStore|iPhoneSimulator.ActiveCfg = AppStore|iPhoneSimulator
		{9C49EE6A-57E2-46B7-9029-3F95DF65C78E}.AppStore|iPhoneSimulator.Build.0 = AppStore|iPhoneSimulator
		{9C49EE6A-57E2-46B7-9029-3F95DF65C78E}.AppStore|iPhoneSimulator.Deploy.0 = AppStore|iPhoneSimulator
		{9C49EE6A-57E2-46B7-9029-3F95DF65C78E}.Debug|iPhone.ActiveCfg = Debug|iPhone
		{9C49EE6A-57E2-46B7-9029-3F95DF65C78E}.Debug|iPhone.Build.0 = Debug|iPhone
		{9C49EE6A-57E2-46B7-9029-3F95DF65C78E}.Debug|iPhone.Deploy.0 = Debug|iPhone
		{9C49EE6A-57E2-46B7-9029-3F95DF65C78E}.Debug|iPhoneSimulator.ActiveCfg = Debug|iPhoneSimulator
		{9C49EE6A-57E2-46B7-9029-3F95DF65C78E}.Debug|iPhoneSimulator.Build.0 = Debug|iPhoneSimulator
		{9C49EE6A-57E2-46B7-9029-3F95DF65C78E}.Debug|iPhoneSimulator.Deploy.0 = Debug|iPhoneSimulator
		{9C49EE6A-57E2-46B7-9029-3F95DF65C78E}.Release|iPhone.ActiveCfg = Release|iPhone
		{9C49EE6A-57E2-46B7-9029-3F95DF65C78E}.Release|iPhone.Build.0 = Release|iPhone
		{9C49EE6A-57E2-46B7-9029-3F95DF65C78E}.Release|iPhone.Deploy.0 = Release|iPhone
		{9C49EE6A-57E2-46B7-9029-3F95DF65C78E}.Release|iPhoneSimulator.ActiveCfg = Release|iPhoneSimulator
		{9C49EE6A-57E2-46B7-9029-3F95DF65C78E}.Release|iPhoneSimulator.Build.0 = Release|iPhoneSimulator
		{9C49EE6A-57E2-46B7-9029-3F95DF65C78E}.Release|iPhoneSimulator.Deploy.0 = Release|iPhoneSimulator
	EndGlobalSection
	GlobalSection(SolutionProperties) = preSolution
		HideSolutionNode = FALSE
	EndGlobalSection
EndGlobal
