
Microsoft Visual Studio Solution File, Format Version 12.00
# Visual Studio Version 16
VisualStudioVersion = 16.0.30128.74
MinimumVisualStudioVersion = 10.0.40219.1
Project("{2150E333-8FDC-42A3-9474-1A3956D46DE8}") = "Documentation", "Documentation", "{3B61CC11-9B46-4EF2-AEC1-81325C21C244}"
	ProjectSection(SolutionItems) = preProject
		README.md = README.md
	EndProjectSection
EndProject
Project("{D954291E-2A0B-460D-934E-DC6B0785DB48}") = "EventHorizonRider.Shared", "EventHorizonRider.Shared\EventHorizonRider.Shared.shproj", "{71A82F9B-4BDF-4587-A224-E414A1622AD0}"
EndProject
Project("{FAE04EC0-301F-11D3-BF4B-00C04F79EFBC}") = "EventHorizonRider.Web", "EventHorizonRider.Web\EventHorizonRider.Web.csproj", "{59C0C7EA-6AD1-482C-A0C6-C2164B46747E}"
EndProject
Project("{FAE04EC0-301F-11D3-BF4B-00C04F79EFBC}") = "EventHorizonRider.iOS", "EventHorizonRider.iOS\EventHorizonRider.iOS.csproj", "{9C49EE6A-57E2-46B7-9029-3F95DF65C78E}"
EndProject
Project("{2150E333-8FDC-42A3-9474-1A3956D46DE8}") = "Platforms", "Platforms", "{1F809F45-BAA5-4D97-A155-AC62053C4071}"
EndProject
Project("{FAE04EC0-301F-11D3-BF4B-00C04F79EFBC}") = "EventHorizonRider.WindowsUniversal", "EventHorizonRider.WindowsUniversal\EventHorizonRider.WindowsUniversal.csproj", "{3CA449E4-E8FF-472E-B7D1-323BCA64E813}"
EndProject
Project("{FAE04EC0-301F-11D3-BF4B-00C04F79EFBC}") = "EventHorizonRider.Windows", "EventHorizonRider.Windows\EventHorizonRider.Windows.csproj", "{7F5A505F-CC2F-452D-AB8B-82FB2432D690}"
EndProject
Project("{FAE04EC0-301F-11D3-BF4B-00C04F79EFBC}") = "EventHorizonRider.Android", "EventHorizonRider.Android\EventHorizonRider.Android.csproj", "{406652B9-C353-4143-9B1D-6D914287C597}"
EndProject
Global
	GlobalSection(SharedMSBuildProjectFiles) = preSolution
		EventHorizonRider.Shared\EventHorizonRider.Shared.projitems*{3ca449e4-e8ff-472e-b7d1-323bca64e813}*SharedItemsImports = 4
		EventHorizonRider.Shared\EventHorizonRider.Shared.projitems*{406652b9-c353-4143-9b1d-6d914287c597}*SharedItemsImports = 4
		EventHorizonRider.Shared\EventHorizonRider.Shared.projitems*{71a82f9b-4bdf-4587-a224-e414a1622ad0}*SharedItemsImports = 13
		EventHorizonRider.Shared\EventHorizonRider.Shared.projitems*{7f5a505f-cc2f-452d-ab8b-82fb2432d690}*SharedItemsImports = 4
		EventHorizonRider.Shared\EventHorizonRider.Shared.projitems*{9c49ee6a-57e2-46b7-9029-3f95df65c78e}*SharedItemsImports = 4
	EndGlobalSection
	GlobalSection(SolutionConfigurationPlatforms) = preSolution
		Ad-Hoc|Any CPU = Ad-Hoc|Any CPU
		Ad-Hoc|ARM = Ad-Hoc|ARM
		Ad-Hoc|iPhone = Ad-Hoc|iPhone
		Ad-Hoc|iPhoneSimulator = Ad-Hoc|iPhoneSimulator
		Ad-Hoc|x64 = Ad-Hoc|x64
		Ad-Hoc|x86 = Ad-Hoc|x86
		AppStore|Any CPU = AppStore|Any CPU
		AppStore|ARM = AppStore|ARM
		AppStore|iPhone = AppStore|iPhone
		AppStore|iPhoneSimulator = AppStore|iPhoneSimulator
		AppStore|x64 = AppStore|x64
		AppStore|x86 = AppStore|x86
		Debug|Any CPU = Debug|Any CPU
		Debug|ARM = Debug|ARM
		Debug|iPhone = Debug|iPhone
		Debug|iPhoneSimulator = Debug|iPhoneSimulator
		Debug|x64 = Debug|x64
		Debug|x86 = Debug|x86
		Release|Any CPU = Release|Any CPU
		Release|ARM = Release|ARM
		Release|iPhone = Release|iPhone
		Release|iPhoneSimulator = Release|iPhoneSimulator
		Release|x64 = Release|x64
		Release|x86 = Release|x86
	EndGlobalSection
	GlobalSection(ProjectConfigurationPlatforms) = postSolution
		{59C0C7EA-6AD1-482C-A0C6-C2164B46747E}.Ad-Hoc|Any CPU.ActiveCfg = Release|Any CPU
		{59C0C7EA-6AD1-482C-A0C6-C2164B46747E}.Ad-Hoc|Any CPU.Build.0 = Release|Any CPU
		{59C0C7EA-6AD1-482C-A0C6-C2164B46747E}.Ad-Hoc|ARM.ActiveCfg = Release|Any CPU
		{59C0C7EA-6AD1-482C-A0C6-C2164B46747E}.Ad-Hoc|ARM.Build.0 = Release|Any CPU
		{59C0C7EA-6AD1-482C-A0C6-C2164B46747E}.Ad-Hoc|iPhone.ActiveCfg = Release|Any CPU
		{59C0C7EA-6AD1-482C-A0C6-C2164B46747E}.Ad-Hoc|iPhone.Build.0 = Release|Any CPU
		{59C0C7EA-6AD1-482C-A0C6-C2164B46747E}.Ad-Hoc|iPhoneSimulator.ActiveCfg = Release|Any CPU
		{59C0C7EA-6AD1-482C-A0C6-C2164B46747E}.Ad-Hoc|iPhoneSimulator.Build.0 = Release|Any CPU
		{59C0C7EA-6AD1-482C-A0C6-C2164B46747E}.Ad-Hoc|x64.ActiveCfg = Release|Any CPU
		{59C0C7EA-6AD1-482C-A0C6-C2164B46747E}.Ad-Hoc|x64.Build.0 = Release|Any CPU
		{59C0C7EA-6AD1-482C-A0C6-C2164B46747E}.Ad-Hoc|x86.ActiveCfg = Release|Any CPU
		{59C0C7EA-6AD1-482C-A0C6-C2164B46747E}.Ad-Hoc|x86.Build.0 = Release|Any CPU
		{59C0C7EA-6AD1-482C-A0C6-C2164B46747E}.AppStore|Any CPU.ActiveCfg = Release|Any CPU
		{59C0C7EA-6AD1-482C-A0C6-C2164B46747E}.AppStore|Any CPU.Build.0 = Release|Any CPU
		{59C0C7EA-6AD1-482C-A0C6-C2164B46747E}.AppStore|ARM.ActiveCfg = Release|Any CPU
		{59C0C7EA-6AD1-482C-A0C6-C2164B46747E}.AppStore|ARM.Build.0 = Release|Any CPU
		{59C0C7EA-6AD1-482C-A0C6-C2164B46747E}.AppStore|iPhone.ActiveCfg = Release|Any CPU
		{59C0C7EA-6AD1-482C-A0C6-C2164B46747E}.AppStore|iPhone.Build.0 = Release|Any CPU
		{59C0C7EA-6AD1-482C-A0C6-C2164B46747E}.AppStore|iPhoneSimulator.ActiveCfg = Release|Any CPU
		{59C0C7EA-6AD1-482C-A0C6-C2164B46747E}.AppStore|iPhoneSimulator.Build.0 = Release|Any CPU
		{59C0C7EA-6AD1-482C-A0C6-C2164B46747E}.AppStore|x64.ActiveCfg = Release|Any CPU
		{59C0C7EA-6AD1-482C-A0C6-C2164B46747E}.AppStore|x64.Build.0 = Release|Any CPU
		{59C0C7EA-6AD1-482C-A0C6-C2164B46747E}.AppStore|x86.ActiveCfg = Release|Any CPU
		{59C0C7EA-6AD1-482C-A0C6-C2164B46747E}.AppStore|x86.Build.0 = Release|Any CPU
		{59C0C7EA-6AD1-482C-A0C6-C2164B46747E}.Debug|Any CPU.ActiveCfg = Debug|Any CPU
		{59C0C7EA-6AD1-482C-A0C6-C2164B46747E}.Debug|Any CPU.Build.0 = Debug|Any CPU
		{59C0C7EA-6AD1-482C-A0C6-C2164B46747E}.Debug|ARM.ActiveCfg = Debug|Any CPU
		{59C0C7EA-6AD1-482C-A0C6-C2164B46747E}.Debug|ARM.Build.0 = Debug|Any CPU
		{59C0C7EA-6AD1-482C-A0C6-C2164B46747E}.Debug|iPhone.ActiveCfg = Debug|Any CPU
		{59C0C7EA-6AD1-482C-A0C6-C2164B46747E}.Debug|iPhone.Build.0 = Debug|Any CPU
		{59C0C7EA-6AD1-482C-A0C6-C2164B46747E}.Debug|iPhoneSimulator.ActiveCfg = Debug|Any CPU
		{59C0C7EA-6AD1-482C-A0C6-C2164B46747E}.Debug|iPhoneSimulator.Build.0 = Debug|Any CPU
		{59C0C7EA-6AD1-482C-A0C6-C2164B46747E}.Debug|x64.ActiveCfg = Debug|Any CPU
		{59C0C7EA-6AD1-482C-A0C6-C2164B46747E}.Debug|x64.Build.0 = Debug|Any CPU
		{59C0C7EA-6AD1-482C-A0C6-C2164B46747E}.Debug|x86.ActiveCfg = Debug|Any CPU
		{59C0C7EA-6AD1-482C-A0C6-C2164B46747E}.Debug|x86.Build.0 = Debug|Any CPU
		{59C0C7EA-6AD1-482C-A0C6-C2164B46747E}.Release|Any CPU.ActiveCfg = Release|Any CPU
		{59C0C7EA-6AD1-482C-A0C6-C2164B46747E}.Release|Any CPU.Build.0 = Release|Any CPU
		{59C0C7EA-6AD1-482C-A0C6-C2164B46747E}.Release|ARM.ActiveCfg = Release|Any CPU
		{59C0C7EA-6AD1-482C-A0C6-C2164B46747E}.Release|ARM.Build.0 = Release|Any CPU
		{59C0C7EA-6AD1-482C-A0C6-C2164B46747E}.Release|iPhone.ActiveCfg = Release|Any CPU
		{59C0C7EA-6AD1-482C-A0C6-C2164B46747E}.Release|iPhone.Build.0 = Release|Any CPU
		{59C0C7EA-6AD1-482C-A0C6-C2164B46747E}.Release|iPhoneSimulator.ActiveCfg = Release|Any CPU
		{59C0C7EA-6AD1-482C-A0C6-C2164B46747E}.Release|iPhoneSimulator.Build.0 = Release|Any CPU
		{59C0C7EA-6AD1-482C-A0C6-C2164B46747E}.Release|x64.ActiveCfg = Release|Any CPU
		{59C0C7EA-6AD1-482C-A0C6-C2164B46747E}.Release|x64.Build.0 = Release|Any CPU
		{59C0C7EA-6AD1-482C-A0C6-C2164B46747E}.Release|x86.ActiveCfg = Release|Any CPU
		{59C0C7EA-6AD1-482C-A0C6-C2164B46747E}.Release|x86.Build.0 = Release|Any CPU
		{9C49EE6A-57E2-46B7-9029-3F95DF65C78E}.Ad-Hoc|Any CPU.ActiveCfg = Ad-Hoc|iPhone
		{9C49EE6A-57E2-46B7-9029-3F95DF65C78E}.Ad-Hoc|ARM.ActiveCfg = Ad-Hoc|iPhone
		{9C49EE6A-57E2-46B7-9029-3F95DF65C78E}.Ad-Hoc|iPhone.ActiveCfg = Ad-Hoc|iPhone
		{9C49EE6A-57E2-46B7-9029-3F95DF65C78E}.Ad-Hoc|iPhone.Build.0 = Ad-Hoc|iPhone
		{9C49EE6A-57E2-46B7-9029-3F95DF65C78E}.Ad-Hoc|iPhoneSimulator.ActiveCfg = Ad-Hoc|iPhoneSimulator
		{9C49EE6A-57E2-46B7-9029-3F95DF65C78E}.Ad-Hoc|iPhoneSimulator.Build.0 = Ad-Hoc|iPhoneSimulator
		{9C49EE6A-57E2-46B7-9029-3F95DF65C78E}.Ad-Hoc|x64.ActiveCfg = Ad-Hoc|iPhone
		{9C49EE6A-57E2-46B7-9029-3F95DF65C78E}.Ad-Hoc|x86.ActiveCfg = Ad-Hoc|iPhone
		{9C49EE6A-57E2-46B7-9029-3F95DF65C78E}.AppStore|Any CPU.ActiveCfg = AppStore|iPhone
		{9C49EE6A-57E2-46B7-9029-3F95DF65C78E}.AppStore|ARM.ActiveCfg = AppStore|iPhone
		{9C49EE6A-57E2-46B7-9029-3F95DF65C78E}.AppStore|iPhone.ActiveCfg = AppStore|iPhone
		{9C49EE6A-57E2-46B7-9029-3F95DF65C78E}.AppStore|iPhone.Build.0 = AppStore|iPhone
		{9C49EE6A-57E2-46B7-9029-3F95DF65C78E}.AppStore|iPhoneSimulator.ActiveCfg = AppStore|iPhoneSimulator
		{9C49EE6A-57E2-46B7-9029-3F95DF65C78E}.AppStore|iPhoneSimulator.Build.0 = AppStore|iPhoneSimulator
		{9C49EE6A-57E2-46B7-9029-3F95DF65C78E}.AppStore|x64.ActiveCfg = AppStore|iPhone
		{9C49EE6A-57E2-46B7-9029-3F95DF65C78E}.AppStore|x86.ActiveCfg = AppStore|iPhone
		{9C49EE6A-57E2-46B7-9029-3F95DF65C78E}.Debug|Any CPU.ActiveCfg = Debug|iPhone
		{9C49EE6A-57E2-46B7-9029-3F95DF65C78E}.Debug|ARM.ActiveCfg = Debug|iPhone
		{9C49EE6A-57E2-46B7-9029-3F95DF65C78E}.Debug|iPhone.ActiveCfg = Debug|iPhone
		{9C49EE6A-57E2-46B7-9029-3F95DF65C78E}.Debug|iPhone.Build.0 = Debug|iPhone
		{9C49EE6A-57E2-46B7-9029-3F95DF65C78E}.Debug|iPhoneSimulator.ActiveCfg = Debug|iPhoneSimulator
		{9C49EE6A-57E2-46B7-9029-3F95DF65C78E}.Debug|iPhoneSimulator.Build.0 = Debug|iPhoneSimulator
		{9C49EE6A-57E2-46B7-9029-3F95DF65C78E}.Debug|x64.ActiveCfg = Debug|iPhone
		{9C49EE6A-57E2-46B7-9029-3F95DF65C78E}.Debug|x86.ActiveCfg = Debug|iPhone
		{9C49EE6A-57E2-46B7-9029-3F95DF65C78E}.Release|Any CPU.ActiveCfg = Release|iPhone
		{9C49EE6A-57E2-46B7-9029-3F95DF65C78E}.Release|ARM.ActiveCfg = Release|iPhone
		{9C49EE6A-57E2-46B7-9029-3F95DF65C78E}.Release|iPhone.ActiveCfg = Release|iPhone
		{9C49EE6A-57E2-46B7-9029-3F95DF65C78E}.Release|iPhone.Build.0 = Release|iPhone
		{9C49EE6A-57E2-46B7-9029-3F95DF65C78E}.Release|iPhoneSimulator.ActiveCfg = Release|iPhoneSimulator
		{9C49EE6A-57E2-46B7-9029-3F95DF65C78E}.Release|iPhoneSimulator.Build.0 = Release|iPhoneSimulator
		{9C49EE6A-57E2-46B7-9029-3F95DF65C78E}.Release|x64.ActiveCfg = Release|iPhone
		{9C49EE6A-57E2-46B7-9029-3F95DF65C78E}.Release|x86.ActiveCfg = Release|iPhone
		{3CA449E4-E8FF-472E-B7D1-323BCA64E813}.Ad-Hoc|Any CPU.ActiveCfg = Release|x86
		{3CA449E4-E8FF-472E-B7D1-323BCA64E813}.Ad-Hoc|Any CPU.Build.0 = Release|x86
		{3CA449E4-E8FF-472E-B7D1-323BCA64E813}.Ad-Hoc|Any CPU.Deploy.0 = Release|x86
		{3CA449E4-E8FF-472E-B7D1-323BCA64E813}.Ad-Hoc|ARM.ActiveCfg = Release|ARM
		{3CA449E4-E8FF-472E-B7D1-323BCA64E813}.Ad-Hoc|ARM.Build.0 = Release|ARM
		{3CA449E4-E8FF-472E-B7D1-323BCA64E813}.Ad-Hoc|ARM.Deploy.0 = Release|ARM
		{3CA449E4-E8FF-472E-B7D1-323BCA64E813}.Ad-Hoc|iPhone.ActiveCfg = Release|x86
		{3CA449E4-E8FF-472E-B7D1-323BCA64E813}.Ad-Hoc|iPhone.Build.0 = Release|x86
		{3CA449E4-E8FF-472E-B7D1-323BCA64E813}.Ad-Hoc|iPhone.Deploy.0 = Release|x86
		{3CA449E4-E8FF-472E-B7D1-323BCA64E813}.Ad-Hoc|iPhoneSimulator.ActiveCfg = Release|x86
		{3CA449E4-E8FF-472E-B7D1-323BCA64E813}.Ad-Hoc|iPhoneSimulator.Build.0 = Release|x86
		{3CA449E4-E8FF-472E-B7D1-323BCA64E813}.Ad-Hoc|iPhoneSimulator.Deploy.0 = Release|x86
		{3CA449E4-E8FF-472E-B7D1-323BCA64E813}.Ad-Hoc|x64.ActiveCfg = Release|x64
		{3CA449E4-E8FF-472E-B7D1-323BCA64E813}.Ad-Hoc|x64.Build.0 = Release|x64
		{3CA449E4-E8FF-472E-B7D1-323BCA64E813}.Ad-Hoc|x64.Deploy.0 = Release|x64
		{3CA449E4-E8FF-472E-B7D1-323BCA64E813}.Ad-Hoc|x86.ActiveCfg = Release|x86
		{3CA449E4-E8FF-472E-B7D1-323BCA64E813}.Ad-Hoc|x86.Build.0 = Release|x86
		{3CA449E4-E8FF-472E-B7D1-323BCA64E813}.Ad-Hoc|x86.Deploy.0 = Release|x86
		{3CA449E4-E8FF-472E-B7D1-323BCA64E813}.AppStore|Any CPU.ActiveCfg = Release|x86
		{3CA449E4-E8FF-472E-B7D1-323BCA64E813}.AppStore|Any CPU.Build.0 = Release|x86
		{3CA449E4-E8FF-472E-B7D1-323BCA64E813}.AppStore|Any CPU.Deploy.0 = Release|x86
		{3CA449E4-E8FF-472E-B7D1-323BCA64E813}.AppStore|ARM.ActiveCfg = Release|ARM
		{3CA449E4-E8FF-472E-B7D1-323BCA64E813}.AppStore|ARM.Build.0 = Release|ARM
		{3CA449E4-E8FF-472E-B7D1-323BCA64E813}.AppStore|ARM.Deploy.0 = Release|ARM
		{3CA449E4-E8FF-472E-B7D1-323BCA64E813}.AppStore|iPhone.ActiveCfg = Release|x86
		{3CA449E4-E8FF-472E-B7D1-323BCA64E813}.AppStore|iPhone.Build.0 = Release|x86
		{3CA449E4-E8FF-472E-B7D1-323BCA64E813}.AppStore|iPhone.Deploy.0 = Release|x86
		{3CA449E4-E8FF-472E-B7D1-323BCA64E813}.AppStore|iPhoneSimulator.ActiveCfg = Release|x86
		{3CA449E4-E8FF-472E-B7D1-323BCA64E813}.AppStore|iPhoneSimulator.Build.0 = Release|x86
		{3CA449E4-E8FF-472E-B7D1-323BCA64E813}.AppStore|iPhoneSimulator.Deploy.0 = Release|x86
		{3CA449E4-E8FF-472E-B7D1-323BCA64E813}.AppStore|x64.ActiveCfg = Release|x64
		{3CA449E4-E8FF-472E-B7D1-323BCA64E813}.AppStore|x64.Build.0 = Release|x64
		{3CA449E4-E8FF-472E-B7D1-323BCA64E813}.AppStore|x64.Deploy.0 = Release|x64
		{3CA449E4-E8FF-472E-B7D1-323BCA64E813}.AppStore|x86.ActiveCfg = Release|x86
		{3CA449E4-E8FF-472E-B7D1-323BCA64E813}.AppStore|x86.Build.0 = Release|x86
		{3CA449E4-E8FF-472E-B7D1-323BCA64E813}.AppStore|x86.Deploy.0 = Release|x86
		{3CA449E4-E8FF-472E-B7D1-323BCA64E813}.Debug|Any CPU.ActiveCfg = Debug|x86
		{3CA449E4-E8FF-472E-B7D1-323BCA64E813}.Debug|ARM.ActiveCfg = Debug|ARM
		{3CA449E4-E8FF-472E-B7D1-323BCA64E813}.Debug|ARM.Build.0 = Debug|ARM
		{3CA449E4-E8FF-472E-B7D1-323BCA64E813}.Debug|ARM.Deploy.0 = Debug|ARM
		{3CA449E4-E8FF-472E-B7D1-323BCA64E813}.Debug|iPhone.ActiveCfg = Debug|x86
		{3CA449E4-E8FF-472E-B7D1-323BCA64E813}.Debug|iPhoneSimulator.ActiveCfg = Debug|x86
		{3CA449E4-E8FF-472E-B7D1-323BCA64E813}.Debug|x64.ActiveCfg = Debug|x64
		{3CA449E4-E8FF-472E-B7D1-323BCA64E813}.Debug|x64.Build.0 = Debug|x64
		{3CA449E4-E8FF-472E-B7D1-323BCA64E813}.Debug|x64.Deploy.0 = Debug|x64
		{3CA449E4-E8FF-472E-B7D1-323BCA64E813}.Debug|x86.ActiveCfg = Debug|x86
		{3CA449E4-E8FF-472E-B7D1-323BCA64E813}.Debug|x86.Build.0 = Debug|x86
		{3CA449E4-E8FF-472E-B7D1-323BCA64E813}.Debug|x86.Deploy.0 = Debug|x86
		{3CA449E4-E8FF-472E-B7D1-323BCA64E813}.Release|Any CPU.ActiveCfg = Release|x86
		{3CA449E4-E8FF-472E-B7D1-323BCA64E813}.Release|ARM.ActiveCfg = Release|ARM
		{3CA449E4-E8FF-472E-B7D1-323BCA64E813}.Release|ARM.Build.0 = Release|ARM
		{3CA449E4-E8FF-472E-B7D1-323BCA64E813}.Release|ARM.Deploy.0 = Release|ARM
		{3CA449E4-E8FF-472E-B7D1-323BCA64E813}.Release|iPhone.ActiveCfg = Release|x86
		{3CA449E4-E8FF-472E-B7D1-323BCA64E813}.Release|iPhoneSimulator.ActiveCfg = Release|x86
		{3CA449E4-E8FF-472E-B7D1-323BCA64E813}.Release|x64.ActiveCfg = Release|x64
		{3CA449E4-E8FF-472E-B7D1-323BCA64E813}.Release|x64.Build.0 = Release|x64
		{3CA449E4-E8FF-472E-B7D1-323BCA64E813}.Release|x64.Deploy.0 = Release|x64
		{3CA449E4-E8FF-472E-B7D1-323BCA64E813}.Release|x86.ActiveCfg = Release|x86
		{3CA449E4-E8FF-472E-B7D1-323BCA64E813}.Release|x86.Build.0 = Release|x86
		{3CA449E4-E8FF-472E-B7D1-323BCA64E813}.Release|x86.Deploy.0 = Release|x86
		{7F5A505F-CC2F-452D-AB8B-82FB2432D690}.Ad-Hoc|Any CPU.ActiveCfg = Release|Any CPU
		{7F5A505F-CC2F-452D-AB8B-82FB2432D690}.Ad-Hoc|Any CPU.Build.0 = Release|Any CPU
		{7F5A505F-CC2F-452D-AB8B-82FB2432D690}.Ad-Hoc|ARM.ActiveCfg = Release|Any CPU
		{7F5A505F-CC2F-452D-AB8B-82FB2432D690}.Ad-Hoc|ARM.Build.0 = Release|Any CPU
		{7F5A505F-CC2F-452D-AB8B-82FB2432D690}.Ad-Hoc|iPhone.ActiveCfg = Release|Any CPU
		{7F5A505F-CC2F-452D-AB8B-82FB2432D690}.Ad-Hoc|iPhone.Build.0 = Release|Any CPU
		{7F5A505F-CC2F-452D-AB8B-82FB2432D690}.Ad-Hoc|iPhoneSimulator.ActiveCfg = Release|Any CPU
		{7F5A505F-CC2F-452D-AB8B-82FB2432D690}.Ad-Hoc|iPhoneSimulator.Build.0 = Release|Any CPU
		{7F5A505F-CC2F-452D-AB8B-82FB2432D690}.Ad-Hoc|x64.ActiveCfg = Release|Any CPU
		{7F5A505F-CC2F-452D-AB8B-82FB2432D690}.Ad-Hoc|x64.Build.0 = Release|Any CPU
		{7F5A505F-CC2F-452D-AB8B-82FB2432D690}.Ad-Hoc|x86.ActiveCfg = Release|Any CPU
		{7F5A505F-CC2F-452D-AB8B-82FB2432D690}.Ad-Hoc|x86.Build.0 = Release|Any CPU
		{7F5A505F-CC2F-452D-AB8B-82FB2432D690}.AppStore|Any CPU.ActiveCfg = Release|Any CPU
		{7F5A505F-CC2F-452D-AB8B-82FB2432D690}.AppStore|Any CPU.Build.0 = Release|Any CPU
		{7F5A505F-CC2F-452D-AB8B-82FB2432D690}.AppStore|ARM.ActiveCfg = Release|Any CPU
		{7F5A505F-CC2F-452D-AB8B-82FB2432D690}.AppStore|ARM.Build.0 = Release|Any CPU
		{7F5A505F-CC2F-452D-AB8B-82FB2432D690}.AppStore|iPhone.ActiveCfg = Release|Any CPU
		{7F5A505F-CC2F-452D-AB8B-82FB2432D690}.AppStore|iPhone.Build.0 = Release|Any CPU
		{7F5A505F-CC2F-452D-AB8B-82FB2432D690}.AppStore|iPhoneSimulator.ActiveCfg = Release|Any CPU
		{7F5A505F-CC2F-452D-AB8B-82FB2432D690}.AppStore|iPhoneSimulator.Build.0 = Release|Any CPU
		{7F5A505F-CC2F-452D-AB8B-82FB2432D690}.AppStore|x64.ActiveCfg = Release|Any CPU
		{7F5A505F-CC2F-452D-AB8B-82FB2432D690}.AppStore|x64.Build.0 = Release|Any CPU
		{7F5A505F-CC2F-452D-AB8B-82FB2432D690}.AppStore|x86.ActiveCfg = Release|Any CPU
		{7F5A505F-CC2F-452D-AB8B-82FB2432D690}.AppStore|x86.Build.0 = Release|Any CPU
		{7F5A505F-CC2F-452D-AB8B-82FB2432D690}.Debug|Any CPU.ActiveCfg = Debug|Any CPU
		{7F5A505F-CC2F-452D-AB8B-82FB2432D690}.Debug|Any CPU.Build.0 = Debug|Any CPU
		{7F5A505F-CC2F-452D-AB8B-82FB2432D690}.Debug|ARM.ActiveCfg = Debug|Any CPU
		{7F5A505F-CC2F-452D-AB8B-82FB2432D690}.Debug|ARM.Build.0 = Debug|Any CPU
		{7F5A505F-CC2F-452D-AB8B-82FB2432D690}.Debug|iPhone.ActiveCfg = Debug|Any CPU
		{7F5A505F-CC2F-452D-AB8B-82FB2432D690}.Debug|iPhone.Build.0 = Debug|Any CPU
		{7F5A505F-CC2F-452D-AB8B-82FB2432D690}.Debug|iPhoneSimulator.ActiveCfg = Debug|Any CPU
		{7F5A505F-CC2F-452D-AB8B-82FB2432D690}.Debug|iPhoneSimulator.Build.0 = Debug|Any CPU
		{7F5A505F-CC2F-452D-AB8B-82FB2432D690}.Debug|x64.ActiveCfg = Debug|Any CPU
		{7F5A505F-CC2F-452D-AB8B-82FB2432D690}.Debug|x64.Build.0 = Debug|Any CPU
		{7F5A505F-CC2F-452D-AB8B-82FB2432D690}.Debug|x86.ActiveCfg = Debug|Any CPU
		{7F5A505F-CC2F-452D-AB8B-82FB2432D690}.Debug|x86.Build.0 = Debug|Any CPU
		{7F5A505F-CC2F-452D-AB8B-82FB2432D690}.Release|Any CPU.ActiveCfg = Release|Any CPU
		{7F5A505F-CC2F-452D-AB8B-82FB2432D690}.Release|Any CPU.Build.0 = Release|Any CPU
		{7F5A505F-CC2F-452D-AB8B-82FB2432D690}.Release|ARM.ActiveCfg = Release|Any CPU
		{7F5A505F-CC2F-452D-AB8B-82FB2432D690}.Release|ARM.Build.0 = Release|Any CPU
		{7F5A505F-CC2F-452D-AB8B-82FB2432D690}.Release|iPhone.ActiveCfg = Release|Any CPU
		{7F5A505F-CC2F-452D-AB8B-82FB2432D690}.Release|iPhone.Build.0 = Release|Any CPU
		{7F5A505F-CC2F-452D-AB8B-82FB2432D690}.Release|iPhoneSimulator.ActiveCfg = Release|Any CPU
		{7F5A505F-CC2F-452D-AB8B-82FB2432D690}.Release|iPhoneSimulator.Build.0 = Release|Any CPU
		{7F5A505F-CC2F-452D-AB8B-82FB2432D690}.Release|x64.ActiveCfg = Release|Any CPU
		{7F5A505F-CC2F-452D-AB8B-82FB2432D690}.Release|x64.Build.0 = Release|Any CPU
		{7F5A505F-CC2F-452D-AB8B-82FB2432D690}.Release|x86.ActiveCfg = Release|Any CPU
		{7F5A505F-CC2F-452D-AB8B-82FB2432D690}.Release|x86.Build.0 = Release|Any CPU
		{406652B9-C353-4143-9B1D-6D914287C597}.Ad-Hoc|Any CPU.ActiveCfg = Release|Any CPU
		{406652B9-C353-4143-9B1D-6D914287C597}.Ad-Hoc|Any CPU.Build.0 = Release|Any CPU
		{406652B9-C353-4143-9B1D-6D914287C597}.Ad-Hoc|Any CPU.Deploy.0 = Release|Any CPU
		{406652B9-C353-4143-9B1D-6D914287C597}.Ad-Hoc|ARM.ActiveCfg = Release|Any CPU
		{406652B9-C353-4143-9B1D-6D914287C597}.Ad-Hoc|ARM.Build.0 = Release|Any CPU
		{406652B9-C353-4143-9B1D-6D914287C597}.Ad-Hoc|ARM.Deploy.0 = Release|Any CPU
		{406652B9-C353-4143-9B1D-6D914287C597}.Ad-Hoc|iPhone.ActiveCfg = Release|Any CPU
		{406652B9-C353-4143-9B1D-6D914287C597}.Ad-Hoc|iPhone.Build.0 = Release|Any CPU
		{406652B9-C353-4143-9B1D-6D914287C597}.Ad-Hoc|iPhone.Deploy.0 = Release|Any CPU
		{406652B9-C353-4143-9B1D-6D914287C597}.Ad-Hoc|iPhoneSimulator.ActiveCfg = Release|Any CPU
		{406652B9-C353-4143-9B1D-6D914287C597}.Ad-Hoc|iPhoneSimulator.Build.0 = Release|Any CPU
		{406652B9-C353-4143-9B1D-6D914287C597}.Ad-Hoc|iPhoneSimulator.Deploy.0 = Release|Any CPU
		{406652B9-C353-4143-9B1D-6D914287C597}.Ad-Hoc|x64.ActiveCfg = Release|Any CPU
		{406652B9-C353-4143-9B1D-6D914287C597}.Ad-Hoc|x64.Build.0 = Release|Any CPU
		{406652B9-C353-4143-9B1D-6D914287C597}.Ad-Hoc|x64.Deploy.0 = Release|Any CPU
		{406652B9-C353-4143-9B1D-6D914287C597}.Ad-Hoc|x86.ActiveCfg = Release|Any CPU
		{406652B9-C353-4143-9B1D-6D914287C597}.Ad-Hoc|x86.Build.0 = Release|Any CPU
		{406652B9-C353-4143-9B1D-6D914287C597}.Ad-Hoc|x86.Deploy.0 = Release|Any CPU
		{406652B9-C353-4143-9B1D-6D914287C597}.AppStore|Any CPU.ActiveCfg = Release|Any CPU
		{406652B9-C353-4143-9B1D-6D914287C597}.AppStore|Any CPU.Build.0 = Release|Any CPU
		{406652B9-C353-4143-9B1D-6D914287C597}.AppStore|Any CPU.Deploy.0 = Release|Any CPU
		{406652B9-C353-4143-9B1D-6D914287C597}.AppStore|ARM.ActiveCfg = Release|Any CPU
		{406652B9-C353-4143-9B1D-6D914287C597}.AppStore|ARM.Build.0 = Release|Any CPU
		{406652B9-C353-4143-9B1D-6D914287C597}.AppStore|ARM.Deploy.0 = Release|Any CPU
		{406652B9-C353-4143-9B1D-6D914287C597}.AppStore|iPhone.ActiveCfg = Release|Any CPU
		{406652B9-C353-4143-9B1D-6D914287C597}.AppStore|iPhone.Build.0 = Release|Any CPU
		{406652B9-C353-4143-9B1D-6D914287C597}.AppStore|iPhone.Deploy.0 = Release|Any CPU
		{406652B9-C353-4143-9B1D-6D914287C597}.AppStore|iPhoneSimulator.ActiveCfg = Release|Any CPU
		{406652B9-C353-4143-9B1D-6D914287C597}.AppStore|iPhoneSimulator.Build.0 = Release|Any CPU
		{406652B9-C353-4143-9B1D-6D914287C597}.AppStore|iPhoneSimulator.Deploy.0 = Release|Any CPU
		{406652B9-C353-4143-9B1D-6D914287C597}.AppStore|x64.ActiveCfg = Release|Any CPU
		{406652B9-C353-4143-9B1D-6D914287C597}.AppStore|x64.Build.0 = Release|Any CPU
		{406652B9-C353-4143-9B1D-6D914287C597}.AppStore|x64.Deploy.0 = Release|Any CPU
		{406652B9-C353-4143-9B1D-6D914287C597}.AppStore|x86.ActiveCfg = Release|Any CPU
		{406652B9-C353-4143-9B1D-6D914287C597}.AppStore|x86.Build.0 = Release|Any CPU
		{406652B9-C353-4143-9B1D-6D914287C597}.AppStore|x86.Deploy.0 = Release|Any CPU
		{406652B9-C353-4143-9B1D-6D914287C597}.Debug|Any CPU.ActiveCfg = Debug|Any CPU
		{406652B9-C353-4143-9B1D-6D914287C597}.Debug|Any CPU.Build.0 = Debug|Any CPU
		{406652B9-C353-4143-9B1D-6D914287C597}.Debug|Any CPU.Deploy.0 = Debug|Any CPU
		{406652B9-C353-4143-9B1D-6D914287C597}.Debug|ARM.ActiveCfg = Debug|Any CPU
		{406652B9-C353-4143-9B1D-6D914287C597}.Debug|ARM.Build.0 = Debug|Any CPU
		{406652B9-C353-4143-9B1D-6D914287C597}.Debug|ARM.Deploy.0 = Debug|Any CPU
		{406652B9-C353-4143-9B1D-6D914287C597}.Debug|iPhone.ActiveCfg = Debug|Any CPU
		{406652B9-C353-4143-9B1D-6D914287C597}.Debug|iPhone.Build.0 = Debug|Any CPU
		{406652B9-C353-4143-9B1D-6D914287C597}.Debug|iPhone.Deploy.0 = Debug|Any CPU
		{406652B9-C353-4143-9B1D-6D914287C597}.Debug|iPhoneSimulator.ActiveCfg = Debug|Any CPU
		{406652B9-C353-4143-9B1D-6D914287C597}.Debug|iPhoneSimulator.Build.0 = Debug|Any CPU
		{406652B9-C353-4143-9B1D-6D914287C597}.Debug|iPhoneSimulator.Deploy.0 = Debug|Any CPU
		{406652B9-C353-4143-9B1D-6D914287C597}.Debug|x64.ActiveCfg = Debug|Any CPU
		{406652B9-C353-4143-9B1D-6D914287C597}.Debug|x64.Build.0 = Debug|Any CPU
		{406652B9-C353-4143-9B1D-6D914287C597}.Debug|x64.Deploy.0 = Debug|Any CPU
		{406652B9-C353-4143-9B1D-6D914287C597}.Debug|x86.ActiveCfg = Debug|Any CPU
		{406652B9-C353-4143-9B1D-6D914287C597}.Debug|x86.Build.0 = Debug|Any CPU
		{406652B9-C353-4143-9B1D-6D914287C597}.Debug|x86.Deploy.0 = Debug|Any CPU
		{406652B9-C353-4143-9B1D-6D914287C597}.Release|Any CPU.ActiveCfg = Release|Any CPU
		{406652B9-C353-4143-9B1D-6D914287C597}.Release|Any CPU.Build.0 = Release|Any CPU
		{406652B9-C353-4143-9B1D-6D914287C597}.Release|Any CPU.Deploy.0 = Release|Any CPU
		{406652B9-C353-4143-9B1D-6D914287C597}.Release|ARM.ActiveCfg = Release|Any CPU
		{406652B9-C353-4143-9B1D-6D914287C597}.Release|ARM.Build.0 = Release|Any CPU
		{406652B9-C353-4143-9B1D-6D914287C597}.Release|ARM.Deploy.0 = Release|Any CPU
		{406652B9-C353-4143-9B1D-6D914287C597}.Release|iPhone.ActiveCfg = Release|Any CPU
		{406652B9-C353-4143-9B1D-6D914287C597}.Release|iPhone.Build.0 = Release|Any CPU
		{406652B9-C353-4143-9B1D-6D914287C597}.Release|iPhone.Deploy.0 = Release|Any CPU
		{406652B9-C353-4143-9B1D-6D914287C597}.Release|iPhoneSimulator.ActiveCfg = Release|Any CPU
		{406652B9-C353-4143-9B1D-6D914287C597}.Release|iPhoneSimulator.Build.0 = Release|Any CPU
		{406652B9-C353-4143-9B1D-6D914287C597}.Release|iPhoneSimulator.Deploy.0 = Release|Any CPU
		{406652B9-C353-4143-9B1D-6D914287C597}.Release|x64.ActiveCfg = Release|Any CPU
		{406652B9-C353-4143-9B1D-6D914287C597}.Release|x64.Build.0 = Release|Any CPU
		{406652B9-C353-4143-9B1D-6D914287C597}.Release|x64.Deploy.0 = Release|Any CPU
		{406652B9-C353-4143-9B1D-6D914287C597}.Release|x86.ActiveCfg = Release|Any CPU
		{406652B9-C353-4143-9B1D-6D914287C597}.Release|x86.Build.0 = Release|Any CPU
		{406652B9-C353-4143-9B1D-6D914287C597}.Release|x86.Deploy.0 = Release|Any CPU
	EndGlobalSection
	GlobalSection(SolutionProperties) = preSolution
		HideSolutionNode = FALSE
	EndGlobalSection
	GlobalSection(NestedProjects) = preSolution
		{59C0C7EA-6AD1-482C-A0C6-C2164B46747E} = {3B61CC11-9B46-4EF2-AEC1-81325C21C244}
		{9C49EE6A-57E2-46B7-9029-3F95DF65C78E} = {1F809F45-BAA5-4D97-A155-AC62053C4071}
		{3CA449E4-E8FF-472E-B7D1-323BCA64E813} = {1F809F45-BAA5-4D97-A155-AC62053C4071}
		{7F5A505F-CC2F-452D-AB8B-82FB2432D690} = {1F809F45-BAA5-4D97-A155-AC62053C4071}
		{406652B9-C353-4143-9B1D-6D914287C597} = {1F809F45-BAA5-4D97-A155-AC62053C4071}
	EndGlobalSection
	GlobalSection(ExtensibilityGlobals) = postSolution
		SolutionGuid = {E9E640B3-99A2-45B0-9D9B-704EDA53A0E9}
	EndGlobalSection
EndGlobal
