
Microsoft Visual Studio Solution File, Format Version 12.00
# Visual Studio 2013
VisualStudioVersion = 12.0.30110.0
MinimumVisualStudioVersion = 10.0.40219.1
Project("{FAE04EC0-301F-11D3-BF4B-00C04F79EFBC}") = "EventHorizonRider.Core", "EventHorizonRider.Core\EventHorizonRider.Core.csproj", "{905E7D7C-FC4E-4AAA-AE6C-E6FCE75CBFFD}"
	ProjectSection(ProjectDependencies) = postProject
		{C404A420-640A-43D7-9B98-54A912D4016A} = {C404A420-640A-43D7-9B98-54A912D4016A}
	EndProjectSection
EndProject
Project("{FAE04EC0-301F-11D3-BF4B-00C04F79EFBC}") = "EventHorizonRider.WindowsStore", "EventHorizonRider.WindowsStore\EventHorizonRider.WindowsStore.csproj", "{116ADAF7-1BAE-470B-92F3-23FAD1F558AB}"
EndProject
Project("{FAE04EC0-301F-11D3-BF4B-00C04F79EFBC}") = "EventHorizonRider.Content", "EventHorizonRider.Content\EventHorizonRider.Content.contentproj", "{975EE594-88A3-41CA-A3E5-F1CA05CA2B9F}"
EndProject
Project("{FAE04EC0-301F-11D3-BF4B-00C04F79EFBC}") = "EventHorizonRider.ContentXna", "EventHorizonRider.ContentXna\EventHorizonRider.ContentXna.csproj", "{C404A420-640A-43D7-9B98-54A912D4016A}"
EndProject
Global
	GlobalSection(SolutionConfigurationPlatforms) = preSolution
		Debug|Any CPU = Debug|Any CPU
		Debug|ARM = Debug|ARM
		Debug|x64 = Debug|x64
		Debug|x86 = Debug|x86
		Release|Any CPU = Release|Any CPU
		Release|ARM = Release|ARM
		Release|x64 = Release|x64
		Release|x86 = Release|x86
	EndGlobalSection
	GlobalSection(ProjectConfigurationPlatforms) = postSolution
		{905E7D7C-FC4E-4AAA-AE6C-E6FCE75CBFFD}.Debug|Any CPU.ActiveCfg = Debug|Any CPU
		{905E7D7C-FC4E-4AAA-AE6C-E6FCE75CBFFD}.Debug|Any CPU.Build.0 = Debug|Any CPU
		{905E7D7C-FC4E-4AAA-AE6C-E6FCE75CBFFD}.Debug|ARM.ActiveCfg = Debug|Any CPU
		{905E7D7C-FC4E-4AAA-AE6C-E6FCE75CBFFD}.Debug|ARM.Build.0 = Debug|Any CPU
		{905E7D7C-FC4E-4AAA-AE6C-E6FCE75CBFFD}.Debug|x64.ActiveCfg = Debug|Any CPU
		{905E7D7C-FC4E-4AAA-AE6C-E6FCE75CBFFD}.Debug|x64.Build.0 = Debug|Any CPU
		{905E7D7C-FC4E-4AAA-AE6C-E6FCE75CBFFD}.Debug|x86.ActiveCfg = Debug|Any CPU
		{905E7D7C-FC4E-4AAA-AE6C-E6FCE75CBFFD}.Debug|x86.Build.0 = Debug|Any CPU
		{905E7D7C-FC4E-4AAA-AE6C-E6FCE75CBFFD}.Release|Any CPU.ActiveCfg = Release|Any CPU
		{905E7D7C-FC4E-4AAA-AE6C-E6FCE75CBFFD}.Release|Any CPU.Build.0 = Release|Any CPU
		{905E7D7C-FC4E-4AAA-AE6C-E6FCE75CBFFD}.Release|ARM.ActiveCfg = Release|Any CPU
		{905E7D7C-FC4E-4AAA-AE6C-E6FCE75CBFFD}.Release|ARM.Build.0 = Release|Any CPU
		{905E7D7C-FC4E-4AAA-AE6C-E6FCE75CBFFD}.Release|x64.ActiveCfg = Release|Any CPU
		{905E7D7C-FC4E-4AAA-AE6C-E6FCE75CBFFD}.Release|x64.Build.0 = Release|Any CPU
		{905E7D7C-FC4E-4AAA-AE6C-E6FCE75CBFFD}.Release|x86.ActiveCfg = Release|Any CPU
		{905E7D7C-FC4E-4AAA-AE6C-E6FCE75CBFFD}.Release|x86.Build.0 = Release|Any CPU
		{116ADAF7-1BAE-470B-92F3-23FAD1F558AB}.Debug|Any CPU.ActiveCfg = Debug|Any CPU
		{116ADAF7-1BAE-470B-92F3-23FAD1F558AB}.Debug|Any CPU.Build.0 = Debug|Any CPU
		{116ADAF7-1BAE-470B-92F3-23FAD1F558AB}.Debug|Any CPU.Deploy.0 = Debug|Any CPU
		{116ADAF7-1BAE-470B-92F3-23FAD1F558AB}.Debug|ARM.ActiveCfg = Debug|ARM
		{116ADAF7-1BAE-470B-92F3-23FAD1F558AB}.Debug|ARM.Build.0 = Debug|ARM
		{116ADAF7-1BAE-470B-92F3-23FAD1F558AB}.Debug|ARM.Deploy.0 = Debug|ARM
		{116ADAF7-1BAE-470B-92F3-23FAD1F558AB}.Debug|x64.ActiveCfg = Debug|x64
		{116ADAF7-1BAE-470B-92F3-23FAD1F558AB}.Debug|x64.Build.0 = Debug|x64
		{116ADAF7-1BAE-470B-92F3-23FAD1F558AB}.Debug|x64.Deploy.0 = Debug|x64
		{116ADAF7-1BAE-470B-92F3-23FAD1F558AB}.Debug|x86.ActiveCfg = Debug|x86
		{116ADAF7-1BAE-470B-92F3-23FAD1F558AB}.Debug|x86.Build.0 = Debug|x86
		{116ADAF7-1BAE-470B-92F3-23FAD1F558AB}.Debug|x86.Deploy.0 = Debug|x86
		{116ADAF7-1BAE-470B-92F3-23FAD1F558AB}.Release|Any CPU.ActiveCfg = Release|Any CPU
		{116ADAF7-1BAE-470B-92F3-23FAD1F558AB}.Release|Any CPU.Build.0 = Release|Any CPU
		{116ADAF7-1BAE-470B-92F3-23FAD1F558AB}.Release|Any CPU.Deploy.0 = Release|Any CPU
		{116ADAF7-1BAE-470B-92F3-23FAD1F558AB}.Release|ARM.ActiveCfg = Release|ARM
		{116ADAF7-1BAE-470B-92F3-23FAD1F558AB}.Release|ARM.Build.0 = Release|ARM
		{116ADAF7-1BAE-470B-92F3-23FAD1F558AB}.Release|ARM.Deploy.0 = Release|ARM
		{116ADAF7-1BAE-470B-92F3-23FAD1F558AB}.Release|x64.ActiveCfg = Release|x64
		{116ADAF7-1BAE-470B-92F3-23FAD1F558AB}.Release|x64.Build.0 = Release|x64
		{116ADAF7-1BAE-470B-92F3-23FAD1F558AB}.Release|x64.Deploy.0 = Release|x64
		{116ADAF7-1BAE-470B-92F3-23FAD1F558AB}.Release|x86.ActiveCfg = Release|x86
		{116ADAF7-1BAE-470B-92F3-23FAD1F558AB}.Release|x86.Build.0 = Release|x86
		{116ADAF7-1BAE-470B-92F3-23FAD1F558AB}.Release|x86.Deploy.0 = Release|x86
		{975EE594-88A3-41CA-A3E5-F1CA05CA2B9F}.Debug|Any CPU.ActiveCfg = Debug|Any CPU
		{975EE594-88A3-41CA-A3E5-F1CA05CA2B9F}.Debug|ARM.ActiveCfg = Debug|Any CPU
		{975EE594-88A3-41CA-A3E5-F1CA05CA2B9F}.Debug|x64.ActiveCfg = Debug|Any CPU
		{975EE594-88A3-41CA-A3E5-F1CA05CA2B9F}.Debug|x86.ActiveCfg = Debug|Any CPU
		{975EE594-88A3-41CA-A3E5-F1CA05CA2B9F}.Release|Any CPU.ActiveCfg = Debug|Any CPU
		{975EE594-88A3-41CA-A3E5-F1CA05CA2B9F}.Release|ARM.ActiveCfg = Debug|Any CPU
		{975EE594-88A3-41CA-A3E5-F1CA05CA2B9F}.Release|x64.ActiveCfg = Debug|Any CPU
		{975EE594-88A3-41CA-A3E5-F1CA05CA2B9F}.Release|x86.ActiveCfg = Debug|Any CPU
		{C404A420-640A-43D7-9B98-54A912D4016A}.Debug|Any CPU.ActiveCfg = Debug|x86
		{C404A420-640A-43D7-9B98-54A912D4016A}.Debug|Any CPU.Build.0 = Debug|x86
		{C404A420-640A-43D7-9B98-54A912D4016A}.Debug|ARM.ActiveCfg = Debug|x86
		{C404A420-640A-43D7-9B98-54A912D4016A}.Debug|ARM.Build.0 = Debug|x86
		{C404A420-640A-43D7-9B98-54A912D4016A}.Debug|x64.ActiveCfg = Debug|x86
		{C404A420-640A-43D7-9B98-54A912D4016A}.Debug|x64.Build.0 = Debug|x86
		{C404A420-640A-43D7-9B98-54A912D4016A}.Debug|x86.ActiveCfg = Debug|x86
		{C404A420-640A-43D7-9B98-54A912D4016A}.Debug|x86.Build.0 = Debug|x86
		{C404A420-640A-43D7-9B98-54A912D4016A}.Release|Any CPU.ActiveCfg = Release|x86
		{C404A420-640A-43D7-9B98-54A912D4016A}.Release|Any CPU.Build.0 = Release|x86
		{C404A420-640A-43D7-9B98-54A912D4016A}.Release|ARM.ActiveCfg = Release|x86
		{C404A420-640A-43D7-9B98-54A912D4016A}.Release|ARM.Build.0 = Release|x86
		{C404A420-640A-43D7-9B98-54A912D4016A}.Release|x64.ActiveCfg = Release|x86
		{C404A420-640A-43D7-9B98-54A912D4016A}.Release|x64.Build.0 = Release|x86
		{C404A420-640A-43D7-9B98-54A912D4016A}.Release|x86.ActiveCfg = Release|x86
		{C404A420-640A-43D7-9B98-54A912D4016A}.Release|x86.Build.0 = Release|x86
	EndGlobalSection
	GlobalSection(SolutionProperties) = preSolution
		HideSolutionNode = FALSE
	EndGlobalSection
EndGlobal
